# mica-lock v1
release	mica-build-env	20260914-2042	0123456789abcdef0123456789abcdef01234567
image	base	amd64	ghcr.io/micaoss/mica-build-env@sha256:bbbbbbbbbbbbbbbbbbbbbbbbbbbbbbbbbbbbbbbbbbbbbbbbbbbbbbbbbbbbbbb1
image	base	arm64	ghcr.io/micaoss/mica-build-env@sha256:bbbbbbbbbbbbbbbbbbbbbbbbbbbbbbbbbbbbbbbbbbbbbbbbbbbbbbbbbbbbbbb2
image	base	index	ghcr.io/micaoss/mica-build-env:base.20260914-2042@sha256:bbbbbbbbbbbbbbbbbbbbbbbbbbbbbbbbbbbbbbbbbbbbbbbbbbbbbbbbbbbbbbb0
image	c	amd64	ghcr.io/micaoss/mica-build-env@sha256:ccccccccccccccccccccccccccccccccccccccccccccccccccccccccccccccc1
image	c	arm64	ghcr.io/micaoss/mica-build-env@sha256:ccccccccccccccccccccccccccccccccccccccccccccccccccccccccccccccc2
image	c	index	ghcr.io/micaoss/mica-build-env:c.20260914-2042@sha256:ccccccccccccccccccccccccccccccccccccccccccccccccccccccccccccccc0
image	go	amd64	ghcr.io/micaoss/mica-build-env@sha256:ddddddddddddddddddddddddddddddddddddddddddddddddddddddddddddddd1
image	go	arm64	ghcr.io/micaoss/mica-build-env@sha256:ddddddddddddddddddddddddddddddddddddddddddddddddddddddddddddddd2
image	go	index	ghcr.io/micaoss/mica-build-env:go.20260914-2042@sha256:ddddddddddddddddddddddddddddddddddddddddddddddddddddddddddddddd0
image	rust	amd64	ghcr.io/micaoss/mica-build-env@sha256:eeeeeeeeeeeeeeeeeeeeeeeeeeeeeeeeeeeeeeeeeeeeeeeeeeeeeeeeeeeeeee1
image	rust	arm64	ghcr.io/micaoss/mica-build-env@sha256:eeeeeeeeeeeeeeeeeeeeeeeeeeeeeeeeeeeeeeeeeeeeeeeeeeeeeeeeeeeeeee2
image	rust	index	ghcr.io/micaoss/mica-build-env:rust.20260914-2042@sha256:eeeeeeeeeeeeeeeeeeeeeeeeeeeeeeeeeeeeeeeeeeeeeeeeeeeeeeeeeeeeeee0
image	upstream.debian.trixie-slim	386	ghcr.io/micaoss/mica-build-env:upstream.debian.trixie-slim.777777777777@sha256:7777777777777777777777777777777777777777777777777777777777777777
image	upstream.debian.trixie-slim	amd64	ghcr.io/micaoss/mica-build-env:upstream.debian.trixie-slim.777777777777@sha256:7777777777777777777777777777777777777777777777777777777777777777
image	upstream.debian.trixie-slim	arm64	ghcr.io/micaoss/mica-build-env:upstream.debian.trixie-slim.777777777777@sha256:7777777777777777777777777777777777777777777777777777777777777777
image	upstream.docker-dockerfile.1-labs	amd64	ghcr.io/micaoss/mica-build-env:upstream.docker-dockerfile.1-labs.888888888888@sha256:8888888888888888888888888888888888888888888888888888888888888888
image	upstream.docker-dockerfile.1-labs	arm64	ghcr.io/micaoss/mica-build-env:upstream.docker-dockerfile.1-labs.888888888888@sha256:8888888888888888888888888888888888888888888888888888888888888888
